# This is a Gradle generated file for dependency locking.
# Manual edits can break the build and are not advised.
# This file is expected to be part of source control.
# To regenerate this file, run: ./gradlew :example:dependencies --write-locks
io.github.classgraph:classgraph:4.8.186=contractTestRuntimeClasspath,integrationTestRuntimeClasspath,unitTestRuntimeClasspath
io.github.java-diff-utils:java-diff-utils:4.16=contractTestRuntimeClasspath,integrationTestRuntimeClasspath,unitTestRuntimeClasspath
io.github.pdvrieze.xmlutil:core-jvmcommon:0.91.3=contractTestRuntimeClasspath,integrationTestRuntimeClasspath,unitTestRuntimeClasspath
io.github.pdvrieze.xmlutil:core:0.91.3=contractTestRuntimeClasspath,integrationTestRuntimeClasspath,unitTestRuntimeClasspath
io.github.pdvrieze.xmlutil:serialization-jvm:0.91.3=contractTestRuntimeClasspath,integrationTestRuntimeClasspath,unitTestRuntimeClasspath
io.github.pdvrieze.xmlutil:serialization:0.91.3=contractTestRuntimeClasspath,integrationTestRuntimeClasspath,unitTestRuntimeClasspath
io.kotest:kotest-assertions-core-jvm:6.2.4=contractTestCompileClasspath,contractTestRuntimeClasspath,integrationTestCompileClasspath,integrationTestRuntimeClasspath,unitTestCompileClasspath,unitTestRuntimeClasspath
io.kotest:kotest-assertions-core:6.2.4=contractTestCompileClasspath,contractTestRuntimeClasspath,integrationTestCompileClasspath,integrationTestRuntimeClasspath,unitTestCompileClasspath,unitTestRuntimeClasspath
io.kotest:kotest-assertions-shared-jvm:6.2.4=contractTestCompileClasspath,contractTestRuntimeClasspath,integrationTestCompileClasspath,integrationTestRuntimeClasspath,unitTestCompileClasspath,unitTestRuntimeClasspath
io.kotest:kotest-assertions-shared:6.2.4=contractTestCompileClasspath,contractTestRuntimeClasspath,integrationTestCompileClasspath,integrationTestRuntimeClasspath,unitTestCompileClasspath,unitTestRuntimeClasspath
io.kotest:kotest-common-jvm:6.2.4=contractTestCompileClasspath,contractTestRuntimeClasspath,integrationTestCompileClasspath,integrationTestRuntimeClasspath,unitTestCompileClasspath,unitTestRuntimeClasspath
io.kotest:kotest-common:6.2.4=contractTestCompileClasspath,contractTestRuntimeClasspath,integrationTestCompileClasspath,integrationTestRuntimeClasspath,unitTestCompileClasspath,unitTestRuntimeClasspath
io.kotest:kotest-extensions-jvm:6.2.4=contractTestCompileClasspath,contractTestRuntimeClasspath,integrationTestCompileClasspath,integrationTestRuntimeClasspath,unitTestCompileClasspath,unitTestRuntimeClasspath
io.kotest:kotest-extensions:6.2.4=contractTestCompileClasspath,contractTestRuntimeClasspath,integrationTestCompileClasspath,integrationTestRuntimeClasspath,unitTestCompileClasspath,unitTestRuntimeClasspath
io.kotest:kotest-framework-engine-jvm:6.2.4=contractTestCompileClasspath,contractTestRuntimeClasspath,integrationTestCompileClasspath,integrationTestRuntimeClasspath,unitTestCompileClasspath,unitTestRuntimeClasspath
io.kotest:kotest-framework-engine:6.2.4=contractTestCompileClasspath,contractTestRuntimeClasspath,integrationTestCompileClasspath,integrationTestRuntimeClasspath,unitTestCompileClasspath,unitTestRuntimeClasspath
io.kotest:kotest-runner-junit-platform-jvm:6.2.4=contractTestCompileClasspath,contractTestRuntimeClasspath,integrationTestCompileClasspath,integrationTestRuntimeClasspath,unitTestCompileClasspath,unitTestRuntimeClasspath
io.kotest:kotest-runner-junit-platform:6.2.4=contractTestCompileClasspath,contractTestRuntimeClasspath,integrationTestCompileClasspath,integrationTestRuntimeClasspath,unitTestCompileClasspath,unitTestRuntimeClasspath
io.kotest:kotest-runner-junit5-jvm:6.2.4=contractTestCompileClasspath,contractTestRuntimeClasspath,integrationTestCompileClasspath,integrationTestRuntimeClasspath,unitTestCompileClasspath,unitTestRuntimeClasspath
io.kotest:kotest-runner-junit5:6.2.4=contractTestCompileClasspath,contractTestRuntimeClasspath,integrationTestCompileClasspath,integrationTestRuntimeClasspath,unitTestCompileClasspath,unitTestRuntimeClasspath
net.bytebuddy:byte-buddy-agent:1.10.9=contractTestRuntimeClasspath,integrationTestRuntimeClasspath,unitTestRuntimeClasspath
net.bytebuddy:byte-buddy:1.10.9=contractTestRuntimeClasspath,integrationTestRuntimeClasspath,unitTestRuntimeClasspath
net.java.dev.jna:jna-platform:5.9.0=contractTestCompileClasspath,contractTestRuntimeClasspath,integrationTestCompileClasspath,integrationTestRuntimeClasspath,unitTestCompileClasspath,unitTestRuntimeClasspath
net.java.dev.jna:jna:5.9.0=contractTestCompileClasspath,contractTestRuntimeClasspath,integrationTestCompileClasspath,integrationTestRuntimeClasspath,unitTestCompileClasspath,unitTestRuntimeClasspath
org.apiguardian:apiguardian-api:1.1.2=contractTestCompileClasspath,integrationTestCompileClasspath,unitTestCompileClasspath
org.jetbrains.kotlin:kotlin-reflect:2.2.21=contractTestRuntimeClasspath,integrationTestRuntimeClasspath,unitTestRuntimeClasspath
org.jetbrains.kotlin:kotlin-stdlib:2.4.0=compileClasspath,contractTestCompileClasspath,contractTestRuntimeClasspath,integrationTestCompileClasspath,integrationTestRuntimeClasspath,runtimeClasspath,unitTestCompileClasspath,unitTestRuntimeClasspath
org.jetbrains.kotlinx:kotlinx-coroutines-bom:1.10.2=contractTestCompileClasspath,contractTestRuntimeClasspath,integrationTestCompileClasspath,integrationTestRuntimeClasspath,unitTestCompileClasspath,unitTestRuntimeClasspath
org.jetbrains.kotlinx:kotlinx-coroutines-core-jvm:1.10.2=contractTestCompileClasspath,contractTestRuntimeClasspath,integrationTestCompileClasspath,integrationTestRuntimeClasspath,unitTestCompileClasspath,unitTestRuntimeClasspath
org.jetbrains.kotlinx:kotlinx-coroutines-core:1.10.2=contractTestCompileClasspath,contractTestRuntimeClasspath,integrationTestCompileClasspath,integrationTestRuntimeClasspath,unitTestCompileClasspath,unitTestRuntimeClasspath
org.jetbrains.kotlinx:kotlinx-coroutines-debug:1.10.2=contractTestCompileClasspath,contractTestRuntimeClasspath,integrationTestCompileClasspath,integrationTestRuntimeClasspath,unitTestCompileClasspath,unitTestRuntimeClasspath
org.jetbrains.kotlinx:kotlinx-coroutines-jdk8:1.10.2=contractTestRuntimeClasspath,integrationTestRuntimeClasspath,unitTestRuntimeClasspath
org.jetbrains.kotlinx:kotlinx-coroutines-test-jvm:1.10.2=contractTestRuntimeClasspath,integrationTestRuntimeClasspath,unitTestRuntimeClasspath
org.jetbrains.kotlinx:kotlinx-coroutines-test:1.10.2=contractTestRuntimeClasspath,integrationTestRuntimeClasspath,unitTestRuntimeClasspath
org.jetbrains.kotlinx:kotlinx-io-bytestring-jvm:0.8.2=contractTestRuntimeClasspath,integrationTestRuntimeClasspath,unitTestRuntimeClasspath
org.jetbrains.kotlinx:kotlinx-io-bytestring:0.8.2=contractTestRuntimeClasspath,integrationTestRuntimeClasspath,unitTestRuntimeClasspath
org.jetbrains.kotlinx:kotlinx-io-core-jvm:0.8.2=contractTestRuntimeClasspath,integrationTestRuntimeClasspath,unitTestRuntimeClasspath
org.jetbrains.kotlinx:kotlinx-io-core:0.8.2=contractTestRuntimeClasspath,integrationTestRuntimeClasspath,unitTestRuntimeClasspath
org.jetbrains.kotlinx:kotlinx-serialization-bom:1.9.0=contractTestRuntimeClasspath,integrationTestRuntimeClasspath,unitTestRuntimeClasspath
org.jetbrains.kotlinx:kotlinx-serialization-core-jvm:1.9.0=contractTestRuntimeClasspath,integrationTestRuntimeClasspath,unitTestRuntimeClasspath
org.jetbrains.kotlinx:kotlinx-serialization-core:1.9.0=contractTestRuntimeClasspath,integrationTestRuntimeClasspath,unitTestRuntimeClasspath
org.jetbrains:annotations:13.0=compileClasspath,runtimeClasspath
org.jetbrains:annotations:23.0.0=contractTestCompileClasspath,contractTestRuntimeClasspath,integrationTestCompileClasspath,integrationTestRuntimeClasspath,unitTestCompileClasspath,unitTestRuntimeClasspath
org.junit.jupiter:junit-jupiter-api:5.13.4=contractTestCompileClasspath,integrationTestCompileClasspath,unitTestCompileClasspath
org.junit.jupiter:junit-jupiter-api:6.1.3=contractTestRuntimeClasspath,integrationTestRuntimeClasspath,unitTestRuntimeClasspath
org.junit.platform:junit-platform-commons:1.13.4=contractTestCompileClasspath,integrationTestCompileClasspath,unitTestCompileClasspath
org.junit.platform:junit-platform-commons:6.1.3=contractTestRuntimeClasspath,integrationTestRuntimeClasspath,unitTestRuntimeClasspath
org.junit.platform:junit-platform-engine:1.13.4=contractTestCompileClasspath,integrationTestCompileClasspath,unitTestCompileClasspath
org.junit.platform:junit-platform-engine:6.1.3=contractTestRuntimeClasspath,integrationTestRuntimeClasspath,unitTestRuntimeClasspath
org.junit.platform:junit-platform-launcher:1.13.4=contractTestCompileClasspath,integrationTestCompileClasspath,unitTestCompileClasspath
org.junit.platform:junit-platform-launcher:6.1.3=contractTestRuntimeClasspath,integrationTestRuntimeClasspath,unitTestRuntimeClasspath
org.junit.platform:junit-platform-suite-api:1.13.4=contractTestCompileClasspath,integrationTestCompileClasspath,unitTestCompileClasspath
org.junit.platform:junit-platform-suite-api:6.1.3=contractTestRuntimeClasspath,integrationTestRuntimeClasspath,unitTestRuntimeClasspath
org.junit:junit-bom:5.13.4=contractTestCompileClasspath,integrationTestCompileClasspath,unitTestCompileClasspath
org.junit:junit-bom:6.1.3=contractTestRuntimeClasspath,integrationTestRuntimeClasspath,unitTestRuntimeClasspath
org.opentest4j:opentest4j:1.3.0=contractTestCompileClasspath,contractTestRuntimeClasspath,integrationTestCompileClasspath,integrationTestRuntimeClasspath,unitTestCompileClasspath,unitTestRuntimeClasspath
empty=
